
Microsoft Visual Studio Solution File, Format Version 12.00
# Visual Studio Version 17
VisualStudioVersion = 17.14.36327.8 d17.14
MinimumVisualStudioVersion = 10.0.40219.1
Project("{FAE04EC0-301F-11D3-BF4B-00C04F79EFBC}") = "LprProject", "LprProject\LprProject.csproj", "{A738E44D-8551-4757-AFC5-415565D396F5}"
EndProject
Global
	GlobalSection(SolutionConfigurationPlatforms) = preSolution
		Debug|Any CPU = Debug|Any CPU
		Release|Any CPU = Release|Any CPU
	EndGlobalSection
	GlobalSection(ProjectConfigurationPlatforms) = postSolution
		{A738E44D-8551-4757-AFC5-415565D396F5}.Debug|Any CPU.ActiveCfg = Debug|Any CPU
		{A738E44D-8551-4757-AFC5-415565D396F5}.Debug|Any CPU.Build.0 = Debug|Any CPU
		{A738E44D-8551-4757-AFC5-415565D396F5}.Release|Any CPU.ActiveCfg = Release|Any CPU
		{A738E44D-8551-4757-AFC5-415565D396F5}.Release|Any CPU.Build.0 = Release|Any CPU
	EndGlobalSection
	GlobalSection(SolutionProperties) = preSolution
		HideSolutionNode = FALSE
	EndGlobalSection
	GlobalSection(ExtensibilityGlobals) = postSolution
		SolutionGuid = {7E431FBA-D15D-4E80-B9A7-3EFBCB150A71}
	EndGlobalSection
EndGlobal
